// !$*UTF8*$!
{
	archiveVersion = 1;
	classes = {
	};
	objectVersion = 50;
	objects = {

/* Begin PBXBuildFile section */
		6A0D7E12269743000041BAD8 /* AppDelegate.swift in Sources */ = {isa = PBXBuildFile; fileRef = 6A0D7E11269743000041BAD8 /* AppDelegate.swift */; };
		6A0D7E14269743000041BAD8 /* SceneDelegate.swift in Sources */ = {isa = PBXBuildFile; fileRef = 6A0D7E13269743000041BAD8 /* SceneDelegate.swift */; };
		6A0D7E16269743000041BAD8 /* ViewController.swift in Sources */ = {isa = PBXBuildFile; fileRef = 6A0D7E15269743000041BAD8 /* ViewController.swift */; };
		6A0D7E19269743000041BAD8 /* Main.storyboard in Resources */ = {isa = PBXBuildFile; fileRef = 6A0D7E17269743000041BAD8 /* Main.storyboard */; };
		6A0D7E1C269743000041BAD8 /* SOLID.xcdatamodeld in Sources */ = {isa = PBXBuildFile; fileRef = 6A0D7E1A269743000041BAD8 /* SOLID.xcdatamodeld */; };
		6A0D7E1E269743040041BAD8 /* Assets.xcassets in Resources */ = {isa = PBXBuildFile; fileRef = 6A0D7E1D269743040041BAD8 /* Assets.xcassets */; };
		6A0D7E21269743040041BAD8 /* LaunchScreen.storyboard in Resources */ = {isa = PBXBuildFile; fileRef = 6A0D7E1F269743040041BAD8 /* LaunchScreen.storyboard */; };
		6A0D7E2A2697432B0041BAD8 /* OCP.swift in Sources */ = {isa = PBXBuildFile; fileRef = 6A0D7E292697432B0041BAD8 /* OCP.swift */; };
		6A0D7E2C269743340041BAD8 /* SRP.swift in Sources */ = {isa = PBXBuildFile; fileRef = 6A0D7E2B269743340041BAD8 /* SRP.swift */; };
		6A0D7E2E269743410041BAD8 /* LSP.swift in Sources */ = {isa = PBXBuildFile; fileRef = 6A0D7E2D269743410041BAD8 /* LSP.swift */; };
		6A0D7E302697434D0041BAD8 /* ISP.swift in Sources */ = {isa = PBXBuildFile; fileRef = 6A0D7E2F2697434D0041BAD8 /* ISP.swift */; };
		6A0D7E32269743630041BAD8 /* DIP.swift in Sources */ = {isa = PBXBuildFile; fileRef = 6A0D7E31269743630041BAD8 /* DIP.swift */; };
/* End PBXBuildFile section */

/* Begin PBXFileReference section */
		6A0D7E0E269743000041BAD8 /* SOLID.app */ = {isa = PBXFileReference; explicitFileType = wrapper.application; includeInIndex = 0; path = SOLID.app; sourceTree = BUILT_PRODUCTS_DIR; };
		6A0D7E11269743000041BAD8 /* AppDelegate.swift */ = {isa = PBXFileReference; lastKnownFileType = sourcecode.swift; path = AppDelegate.swift; sourceTree = "<group>"; };
		6A0D7E13269743000041BAD8 /* SceneDelegate.swift */ = {isa = PBXFileReference; lastKnownFileType = sourcecode.swift; path = SceneDelegate.swift; sourceTree = "<group>"; };
		6A0D7E15269743000041BAD8 /* ViewController.swift */ = {isa = PBXFileReference; lastKnownFileType = sourcecode.swift; path = ViewController.swift; sourceTree = "<group>"; };
		6A0D7E18269743000041BAD8 /* Base */ = {isa = PBXFileReference; lastKnownFileType = file.storyboard; name = Base; path = Base.lproj/Main.storyboard; sourceTree = "<group>"; };
		6A0D7E1B269743000041BAD8 /* SOLID.xcdatamodel */ = {isa = PBXFileReference; lastKnownFileType = wrapper.xcdatamodel; path = SOLID.xcdatamodel; sourceTree = "<group>"; };
		6A0D7E1D269743040041BAD8 /* Assets.xcassets */ = {isa = PBXFileReference; lastKnownFileType = folder.assetcatalog; path = Assets.xcassets; sourceTree = "<group>"; };
		6A0D7E20269743040041BAD8 /* Base */ = {isa = PBXFileReference; lastKnownFileType = file.storyboard; name = Base; path = Base.lproj/LaunchScreen.storyboard; sourceTree = "<group>"; };
		6A0D7E22269743040041BAD8 /* Info.plist */ = {isa = PBXFileReference; lastKnownFileType = text.plist.xml; path = Info.plist; sourceTree = "<group>"; };
		6A0D7E292697432B0041BAD8 /* OCP.swift */ = {isa = PBXFileReference; lastKnownFileType = sourcecode.swift; path = OCP.swift; sourceTree = "<group>"; };
		6A0D7E2B269743340041BAD8 /* SRP.swift */ = {isa = PBXFileReference; lastKnownFileType = sourcecode.swift; path = SRP.swift; sourceTree = "<group>"; };
		6A0D7E2D269743410041BAD8 /* LSP.swift */ = {isa = PBXFileReference; lastKnownFileType = sourcecode.swift; path = LSP.swift; sourceTree = "<group>"; };
		6A0D7E2F2697434D0041BAD8 /* ISP.swift */ = {isa = PBXFileReference; lastKnownFileType = sourcecode.swift; path = ISP.swift; sourceTree = "<group>"; };
		6A0D7E31269743630041BAD8 /* DIP.swift */ = {isa = PBXFileReference; lastKnownFileType = sourcecode.swift; path = DIP.swift; sourceTree = "<group>"; };
/* End PBXFileReference section */

/* Begin PBXFrameworksBuildPhase section */
		6A0D7E0B269743000041BAD8 /* Frameworks */ = {
			isa = PBXFrameworksBuildPhase;
			buildActionMask = 2147483647;
			files = (
			);
			runOnlyForDeploymentPostprocessing = 0;
		};
/* End PBXFrameworksBuildPhase section */

/* Begin PBXGroup section */
		6A0D7E05269743000041BAD8 = {
			isa = PBXGroup;
			children = (
				6A0D7E10269743000041BAD8 /* SOLID */,
				6A0D7E0F269743000041BAD8 /* Products */,
			);
			sourceTree = "<group>";
		};
		6A0D7E0F269743000041BAD8 /* Products */ = {
			isa = PBXGroup;
			children = (
				6A0D7E0E269743000041BAD8 /* SOLID.app */,
			);
			name = Products;
			sourceTree = "<group>";
		};
		6A0D7E10269743000041BAD8 /* SOLID */ = {
			isa = PBXGroup;
			children = (
				6A0D7E22269743040041BAD8 /* Info.plist */,
				6A0D7E33269743770041BAD8 /* APP */,
				6A0D7E28269743100041BAD8 /* SOLID */,
			);
			path = SOLID;
			sourceTree = "<group>";
		};
		6A0D7E28269743100041BAD8 /* SOLID */ = {
			isa = PBXGroup;
			children = (
				6A0D7E2B269743340041BAD8 /* SRP.swift */,
				6A0D7E292697432B0041BAD8 /* OCP.swift */,
				6A0D7E2F2697434D0041BAD8 /* ISP.swift */,
				6A0D7E31269743630041BAD8 /* DIP.swift */,
				6A0D7E2D269743410041BAD8 /* LSP.swift */,
			);
			path = SOLID;
			sourceTree = "<group>";
		};
		6A0D7E33269743770041BAD8 /* APP */ = {
			isa = PBXGroup;
			children = (
				6A0D7E11269743000041BAD8 /* AppDelegate.swift */,
				6A0D7E13269743000041BAD8 /* SceneDelegate.swift */,
				6A0D7E15269743000041BAD8 /* ViewController.swift */,
				6A0D7E17269743000041BAD8 /* Main.storyboard */,
				6A0D7E1D269743040041BAD8 /* Assets.xcassets */,
				6A0D7E1F269743040041BAD8 /* LaunchScreen.storyboard */,
				6A0D7E1A269743000041BAD8 /* SOLID.xcdatamodeld */,
			);
			path = APP;
			sourceTree = "<group>";
		};
/* End PBXGroup section */

/* Begin PBXNativeTarget section */
		6A0D7E0D269743000041BAD8 /* SOLID */ = {
			isa = PBXNativeTarget;
			buildConfigurationList = 6A0D7E25269743040041BAD8 /* Build configuration list for PBXNativeTarget "SOLID" */;
			buildPhases = (
				6A0D7E0A269743000041BAD8 /* Sources */,
				6A0D7E0B269743000041BAD8 /* Frameworks */,
				6A0D7E0C269743000041BAD8 /* Resources */,
			);
			buildRules = (
			);
			dependencies = (
			);
			name = SOLID;
			productName = SOLID;
			productReference = 6A0D7E0E269743000041BAD8 /* SOLID.app */;
			productType = "com.apple.product-type.application";
		};
/* End PBXNativeTarget section */

/* Begin PBXProject section */
		6A0D7E06269743000041BAD8 /* Project object */ = {
			isa = PBXProject;
			attributes = {
				LastSwiftUpdateCheck = 1250;
				LastUpgradeCheck = 1250;
				TargetAttributes = {
					6A0D7E0D269743000041BAD8 = {
						CreatedOnToolsVersion = 12.5;
					};
				};
			};
			buildConfigurationList = 6A0D7E09269743000041BAD8 /* Build configuration list for PBXProject "SOLID" */;
			compatibilityVersion = "Xcode 9.3";
			developmentRegion = en;
			hasScannedForEncodings = 0;
			knownRegions = (
				en,
				Base,
			);
			mainGroup = 6A0D7E05269743000041BAD8;
			productRefGroup = 6A0D7E0F269743000041BAD8 /* Products */;
			projectDirPath = "";
			projectRoot = "";
			targets = (
				6A0D7E0D269743000041BAD8 /* SOLID */,
			);
		};
/* End PBXProject section */

/* Begin PBXResourcesBuildPhase section */
		6A0D7E0C269743000041BAD8 /* Resources */ = {
			isa = PBXResourcesBuildPhase;
			buildActionMask = 2147483647;
			files = (
				6A0D7E21269743040041BAD8 /* LaunchScreen.storyboard in Resources */,
				6A0D7E1E269743040041BAD8 /* Assets.xcassets in Resources */,
				6A0D7E19269743000041BAD8 /* Main.storyboard in Resources */,
			);
			runOnlyForDeploymentPostprocessing = 0;
		};
/* End PBXResourcesBuildPhase section */

/* Begin PBXSourcesBuildPhase section */
		6A0D7E0A269743000041BAD8 /* Sources */ = {
			isa = PBXSourcesBuildPhase;
			buildActionMask = 2147483647;
			files = (
				6A0D7E302697434D0041BAD8 /* ISP.swift in Sources */,
				6A0D7E2E269743410041BAD8 /* LSP.swift in Sources */,
				6A0D7E16269743000041BAD8 /* ViewController.swift in Sources */,
				6A0D7E32269743630041BAD8 /* DIP.swift in Sources */,
				6A0D7E1C269743000041BAD8 /* SOLID.xcdatamodeld in Sources */,
				6A0D7E12269743000041BAD8 /* AppDelegate.swift in Sources */,
				6A0D7E2C269743340041BAD8 /* SRP.swift in Sources */,
				6A0D7E14269743000041BAD8 /* SceneDelegate.swift in Sources */,
				6A0D7E2A2697432B0041BAD8 /* OCP.swift in Sources */,
			);
			runOnlyForDeploymentPostprocessing = 0;
		};
/* End PBXSourcesBuildPhase section */

/* Begin PBXVariantGroup section */
		6A0D7E17269743000041BAD8 /* Main.storyboard */ = {
			isa = PBXVariantGroup;
			children = (
				6A0D7E18269743000041BAD8 /* Base */,
			);
			name = Main.storyboard;
			sourceTree = "<group>";
		};
		6A0D7E1F269743040041BAD8 /* LaunchScreen.storyboard */ = {
			isa = PBXVariantGroup;
			children = (
				6A0D7E20269743040041BAD8 /* Base */,
			);
			name = LaunchScreen.storyboard;
			sourceTree = "<group>";
		};
/* End PBXVariantGroup section */

/* Begin XCBuildConfiguration section */
		6A0D7E23269743040041BAD8 /* Debug */ = {
			isa = XCBuildConfiguration;
			buildSettings = {
				ALWAYS_SEARCH_USER_PATHS = NO;
				CLANG_ANALYZER_NONNULL = YES;
				CLANG_ANALYZER_NUMBER_OBJECT_CONVERSION = YES_AGGRESSIVE;
				CLANG_CXX_LANGUAGE_STANDARD = "gnu++14";
				CLANG_CXX_LIBRARY = "libc++";
				CLANG_ENABLE_MODULES = YES;
				CLANG_ENABLE_OBJC_ARC = YES;
				CLANG_ENABLE_OBJC_WEAK = YES;
				CLANG_WARN_BLOCK_CAPTURE_AUTORELEASING = YES;
				CLANG_WARN_BOOL_CONVERSION = YES;
				CLANG_WARN_COMMA = YES;
				CLANG_WARN_CONSTANT_CONVERSION = YES;
				CLANG_WARN_DEPRECATED_OBJC_IMPLEMENTATIONS = YES;
				CLANG_WARN_DIRECT_OBJC_ISA_USAGE = YES_ERROR;
				CLANG_WARN_DOCUMENTATION_COMMENTS = YES;
				CLANG_WARN_EMPTY_BODY = YES;
				CLANG_WARN_ENUM_CONVERSION = YES;
				CLANG_WARN_INFINITE_RECURSION = YES;
				CLANG_WARN_INT_CONVERSION = YES;
				CLANG_WARN_NON_LITERAL_NULL_CONVERSION = YES;
				CLANG_WARN_OBJC_IMPLICIT_RETAIN_SELF = YES;
				CLANG_WARN_OBJC_LITERAL_CONVERSION = YES;
				CLANG_WARN_OBJC_ROOT_CLASS = YES_ERROR;
				CLANG_WARN_QUOTED_INCLUDE_IN_FRAMEWORK_HEADER = YES;
				CLANG_WARN_RANGE_LOOP_ANALYSIS = YES;
				CLANG_WARN_STRICT_PROTOTYPES = YES;
				CLANG_WARN_SUSPICIOUS_MOVE = YES;
				CLANG_WARN_UNGUARDED_AVAILABILITY = YES_AGGRESSIVE;
				CLANG_WARN_UNREACHABLE_CODE = YES;
				CLANG_WARN__DUPLICATE_METHOD_MATCH = YES;
				COPY_PHASE_STRIP = NO;
				DEBUG_INFORMATION_FORMAT = dwarf;
				ENABLE_STRICT_OBJC_MSGSEND = YES;
				ENABLE_TESTABILITY = YES;
				GCC_C_LANGUAGE_STANDARD = gnu11;
				GCC_DYNAMIC_NO_PIC = NO;
				GCC_NO_COMMON_BLOCKS = YES;
				GCC_OPTIMIZATION_LEVEL = 0;
				GCC_PREPROCESSOR_DEFINITIONS = (
					"DEBUG=1",
					"$(inherited)",
				);
				GCC_WARN_64_TO_32_BIT_CONVERSION = YES;
				GCC_WARN_ABOUT_RETURN_TYPE = YES_ERROR;
				GCC_WARN_UNDECLARED_SELECTOR = YES;
				GCC_WARN_UNINITIALIZED_AUTOS = YES_AGGRESSIVE;
				GCC_WARN_UNUSED_FUNCTION = YES;
				GCC_WARN_UNUSED_VARIABLE = YES;
				IPHONEOS_DEPLOYMENT_TARGET = 14.5;
				MTL_ENABLE_DEBUG_INFO = INCLUDE_SOURCE;
				MTL_FAST_MATH = YES;
				ONLY_ACTIVE_ARCH = YES;
				SDKROOT = iphoneos;
				SWIFT_ACTIVE_COMPILATION_CONDITIONS = DEBUG;
				SWIFT_OPTIMIZATION_LEVEL = "-Onone";
			};
			name = Debug;
		};
		6A0D7E24269743040041BAD8 /* Release */ = {
			isa = XCBuildConfiguration;
			buildSettings = {
				ALWAYS_SEARCH_USER_PATHS = NO;
				CLANG_ANALYZER_NONNULL = YES;
				CLANG_ANALYZER_NUMBER_OBJECT_CONVERSION = YES_AGGRESSIVE;
				CLANG_CXX_LANGUAGE_STANDARD = "gnu++14";
				CLANG_CXX_LIBRARY = "libc++";
				CLANG_ENABLE_MODULES = YES;
				CLANG_ENABLE_OBJC_ARC = YES;
				CLANG_ENABLE_OBJC_WEAK = YES;
				CLANG_WARN_BLOCK_CAPTURE_AUTORELEASING = YES;
				CLANG_WARN_BOOL_CONVERSION = YES;
				CLANG_WARN_COMMA = YES;
				CLANG_WARN_CONSTANT_CONVERSION = YES;
				CLANG_WARN_DEPRECATED_OBJC_IMPLEMENTATIONS = YES;
				CLANG_WARN_DIRECT_OBJC_ISA_USAGE = YES_ERROR;
				CLANG_WARN_DOCUMENTATION_COMMENTS = YES;
				CLANG_WARN_EMPTY_BODY = YES;
				CLANG_WARN_ENUM_CONVERSION = YES;
				CLANG_WARN_INFINITE_RECURSION = YES;
				CLANG_WARN_INT_CONVERSION = YES;
				CLANG_WARN_NON_LITERAL_NULL_CONVERSION = YES;
				CLANG_WARN_OBJC_IMPLICIT_RETAIN_SELF = YES;
				CLANG_WARN_OBJC_LITERAL_CONVERSION = YES;
				CLANG_WARN_OBJC_ROOT_CLASS = YES_ERROR;
				CLANG_WARN_QUOTED_INCLUDE_IN_FRAMEWORK_HEADER = YES;
				CLANG_WARN_RANGE_LOOP_ANALYSIS = YES;
				CLANG_WARN_STRICT_PROTOTYPES = YES;
				CLANG_WARN_SUSPICIOUS_MOVE = YES;
				CLANG_WARN_UNGUARDED_AVAILABILITY = YES_AGGRESSIVE;
				CLANG_WARN_UNREACHABLE_CODE = YES;
				CLANG_WARN__DUPLICATE_METHOD_MATCH = YES;
				COPY_PHASE_STRIP = NO;
				DEBUG_INFORMATION_FORMAT = "dwarf-with-dsym";
				ENABLE_NS_ASSERTIONS = NO;
				ENABLE_STRICT_OBJC_MSGSEND = YES;
				GCC_C_LANGUAGE_STANDARD = gnu11;
				GCC_NO_COMMON_BLOCKS = YES;
				GCC_WARN_64_TO_32_BIT_CONVERSION = YES;
				GCC_WARN_ABOUT_RETURN_TYPE = YES_ERROR;
				GCC_WARN_UNDECLARED_SELECTOR = YES;
				GCC_WARN_UNINITIALIZED_AUTOS = YES_AGGRESSIVE;
				GCC_WARN_UNUSED_FUNCTION = YES;
				GCC_WARN_UNUSED_VARIABLE = YES;
				IPHONEOS_DEPLOYMENT_TARGET = 14.5;
				MTL_ENABLE_DEBUG_INFO = NO;
				MTL_FAST_MATH = YES;
				SDKROOT = iphoneos;
				SWIFT_COMPILATION_MODE = wholemodule;
				SWIFT_OPTIMIZATION_LEVEL = "-O";
				VALIDATE_PRODUCT = YES;
			};
			name = Release;
		};
		6A0D7E26269743040041BAD8 /* Debug */ = {
			isa = XCBuildConfiguration;
			buildSettings = {
				ASSETCATALOG_COMPILER_APPICON_NAME = AppIcon;
				ASSETCATALOG_COMPILER_GLOBAL_ACCENT_COLOR_NAME = AccentColor;
				CODE_SIGN_STYLE = Automatic;
				DEVELOPMENT_TEAM = 2JM7W65QBL;
				INFOPLIST_FILE = SOLID/Info.plist;
				LD_RUNPATH_SEARCH_PATHS = (
					"$(inherited)",
					"@executable_path/Frameworks",
				);
				PRODUCT_BUNDLE_IDENTIFIER = com.senson.SOLID;
				PRODUCT_NAME = "$(TARGET_NAME)";
				SWIFT_VERSION = 5.0;
				TARGETED_DEVICE_FAMILY = "1,2";
			};
			name = Debug;
		};
		6A0D7E27269743040041BAD8 /* Release */ = {
			isa = XCBuildConfiguration;
			buildSettings = {
				ASSETCATALOG_COMPILER_APPICON_NAME = AppIcon;
				ASSETCATALOG_COMPILER_GLOBAL_ACCENT_COLOR_NAME = AccentColor;
				CODE_SIGN_STYLE = Automatic;
				DEVELOPMENT_TEAM = 2JM7W65QBL;
				INFOPLIST_FILE = SOLID/Info.plist;
				LD_RUNPATH_SEARCH_PATHS = (
					"$(inherited)",
					"@executable_path/Frameworks",
				);
				PRODUCT_BUNDLE_IDENTIFIER = com.senson.SOLID;
				PRODUCT_NAME = "$(TARGET_NAME)";
				SWIFT_VERSION = 5.0;
				TARGETED_DEVICE_FAMILY = "1,2";
			};
			name = Release;
		};
/* End XCBuildConfiguration section */

/* Begin XCConfigurationList section */
		6A0D7E09269743000041BAD8 /* Build configuration list for PBXProject "SOLID" */ = {
			isa = XCConfigurationList;
			buildConfigurations = (
				6A0D7E23269743040041BAD8 /* Debug */,
				6A0D7E24269743040041BAD8 /* Release */,
			);
			defaultConfigurationIsVisible = 0;
			defaultConfigurationName = Release;
		};
		6A0D7E25269743040041BAD8 /* Build configuration list for PBXNativeTarget "SOLID" */ = {
			isa = XCConfigurationList;
			buildConfigurations = (
				6A0D7E26269743040041BAD8 /* Debug */,
				6A0D7E27269743040041BAD8 /* Release */,
			);
			defaultConfigurationIsVisible = 0;
			defaultConfigurationName = Release;
		};
/* End XCConfigurationList section */

/* Begin XCVersionGroup section */
		6A0D7E1A269743000041BAD8 /* SOLID.xcdatamodeld */ = {
			isa = XCVersionGroup;
			children = (
				6A0D7E1B269743000041BAD8 /* SOLID.xcdatamodel */,
			);
			currentVersion = 6A0D7E1B269743000041BAD8 /* SOLID.xcdatamodel */;
			path = SOLID.xcdatamodeld;
			sourceTree = "<group>";
			versionGroupType = wrapper.xcdatamodel;
		};
/* End XCVersionGroup section */
	};
	rootObject = 6A0D7E06269743000041BAD8 /* Project object */;
}
